// !$*UTF8*$!
{
	archiveVersion = 1;
	classes = {
	};
	objectVersion = 46;
	objects = {

/* Begin PBXBuildFile section */
		E42748171AE6B8620071E378 /* SharedFramework.h in Headers */ = {isa = PBXBuildFile; fileRef = E42748161AE6B8620071E378 /* SharedFramework.h */; settings = {ATTRIBUTES = (Public, ); }; };
		E427481D1AE6B8620071E378 /* SharedFramework.framework in Frameworks */ = {isa = PBXBuildFile; fileRef = E42748111AE6B8620071E378 /* SharedFramework.framework */; };
		E42748241AE6B8620071E378 /* SharedFrameworkTests.swift in Sources */ = {isa = PBXBuildFile; fileRef = E42748231AE6B8620071E378 /* SharedFrameworkTests.swift */; };
/* End PBXBuildFile section */

/* Begin PBXContainerItemProxy section */
		E427481E1AE6B8620071E378 /* PBXContainerItemProxy */ = {
			isa = PBXContainerItemProxy;
			containerPortal = E42748081AE6B8620071E378 /* Project object */;
			proxyType = 1;
			remoteGlobalIDString = E42748101AE6B8620071E378;
			remoteInfo = SharedFramework;
		};
/* End PBXContainerItemProxy section */

/* Begin PBXFileReference section */
		E42748111AE6B8620071E378 /* SharedFramework.framework */ = {isa = PBXFileReference; explicitFileType = wrapper.framework; includeInIndex = 0; path = SharedFramework.framework; sourceTree = BUILT_PRODUCTS_DIR; };
		E42748151AE6B8620071E378 /* Info.plist */ = {isa = PBXFileReference; lastKnownFileType = text.plist.xml; path = Info.plist; sourceTree = "<group>"; };
		E42748161AE6B8620071E378 /* SharedFramework.h */ = {isa = PBXFileReference; lastKnownFileType = sourcecode.c.h; path = SharedFramework.h; sourceTree = "<group>"; };
		E427481C1AE6B8620071E378 /* SharedFrameworkTests.xctest */ = {isa = PBXFileReference; explicitFileType = wrapper.cfbundle; includeInIndex = 0; path = SharedFrameworkTests.xctest; sourceTree = BUILT_PRODUCTS_DIR; };
		E42748221AE6B8620071E378 /* Info.plist */ = {isa = PBXFileReference; lastKnownFileType = text.plist.xml; path = Info.plist; sourceTree = "<group>"; };
		E42748231AE6B8620071E378 /* SharedFrameworkTests.swift */ = {isa = PBXFileReference; lastKnownFileType = sourcecode.swift; path = SharedFrameworkTests.swift; sourceTree = "<group>"; };
/* End PBXFileReference section */

/* Begin PBXFrameworksBuildPhase section */
		E427480D1AE6B8620071E378 /* Frameworks */ = {
			isa = PBXFrameworksBuildPhase;
			buildActionMask = 2147483647;
			files = (
			);
			runOnlyForDeploymentPostprocessing = 0;
		};
		E42748191AE6B8620071E378 /* Frameworks */ = {
			isa = PBXFrameworksBuildPhase;
			buildActionMask = 2147483647;
			files = (
				E427481D1AE6B8620071E378 /* SharedFramework.framework in Frameworks */,
			);
			runOnlyForDeploymentPostprocessing = 0;
		};
/* End PBXFrameworksBuildPhase section */

/* Begin PBXGroup section */
		E42748071AE6B8620071E378 = {
			isa = PBXGroup;
			children = (
				E42748131AE6B8620071E378 /* SharedFramework */,
				E42748201AE6B8620071E378 /* SharedFrameworkTests */,
				E42748121AE6B8620071E378 /* Products */,
			);
			sourceTree = "<group>";
		};
		E42748121AE6B8620071E378 /* Products */ = {
			isa = PBXGroup;
			children = (
				E42748111AE6B8620071E378 /* SharedFramework.framework */,
				E427481C1AE6B8620071E378 /* SharedFrameworkTests.xctest */,
			);
			name = Products;
			sourceTree = "<group>";
		};
		E42748131AE6B8620071E378 /* SharedFramework */ = {
			isa = PBXGroup;
			children = (
				E42748161AE6B8620071E378 /* SharedFramework.h */,
				E42748141AE6B8620071E378 /* Supporting Files */,
			);
			path = SharedFramework;
			sourceTree = "<group>";
		};
		E42748141AE6B8620071E378 /* Supporting Files */ = {
			isa = PBXGroup;
			children = (
				E42748151AE6B8620071E378 /* Info.plist */,
			);
			name = "Supporting Files";
			sourceTree = "<group>";
		};
		E42748201AE6B8620071E378 /* SharedFrameworkTests */ = {
			isa = PBXGroup;
			children = (
				E42748231AE6B8620071E378 /* SharedFrameworkTests.swift */,
				E42748211AE6B8620071E378 /* Supporting Files */,
			);
			path = SharedFrameworkTests;
			sourceTree = "<group>";
		};
		E42748211AE6B8620071E378 /* Supporting Files */ = {
			isa = PBXGroup;
			children = (
				E42748221AE6B8620071E378 /* Info.plist */,
			);
			name = "Supporting Files";
			sourceTree = "<group>";
		};
/* End PBXGroup section */

/* Begin PBXHeadersBuildPhase section */
		E427480E1AE6B8620071E378 /* Headers */ = {
			isa = PBXHeadersBuildPhase;
			buildActionMask = 2147483647;
			files = (
				E42748171AE6B8620071E378 /* SharedFramework.h in Headers */,
			);
			runOnlyForDeploymentPostprocessing = 0;
		};
/* End PBXHeadersBuildPhase section */

/* Begin PBXNativeTarget section */
		E42748101AE6B8620071E378 /* SharedFramework */ = {
			isa = PBXNativeTarget;
			buildConfigurationList = E42748271AE6B8620071E378 /* Build configuration list for PBXNativeTarget "SharedFramework" */;
			buildPhases = (
				E427480C1AE6B8620071E378 /* Sources */,
				E427480D1AE6B8620071E378 /* Frameworks */,
				E427480E1AE6B8620071E378 /* Headers */,
				E427480F1AE6B8620071E378 /* Resources */,
			);
			buildRules = (
			);
			dependencies = (
			);
			name = SharedFramework;
			productName = SharedFramework;
			productReference = E42748111AE6B8620071E378 /* SharedFramework.framework */;
			productType = "com.apple.product-type.framework";
		};
		E427481B1AE6B8620071E378 /* SharedFrameworkTests */ = {
			isa = PBXNativeTarget;
			buildConfigurationList = E427482A1AE6B8620071E378 /* Build configuration list for PBXNativeTarget "SharedFrameworkTests" */;
			buildPhases = (
				E42748181AE6B8620071E378 /* Sources */,
				E42748191AE6B8620071E378 /* Frameworks */,
				E427481A1AE6B8620071E378 /* Resources */,
			);
			buildRules = (
			);
			dependencies = (
				E427481F1AE6B8620071E378 /* PBXTargetDependency */,
			);
			name = SharedFrameworkTests;
			productName = SharedFrameworkTests;
			productReference = E427481C1AE6B8620071E378 /* SharedFrameworkTests.xctest */;
			productType = "com.apple.product-type.bundle.unit-test";
		};
/* End PBXNativeTarget section */

/* Begin PBXProject section */
		E42748081AE6B8620071E378 /* Project object */ = {
			isa = PBXProject;
			attributes = {
				LastUpgradeCheck = 0620;
				ORGANIZATIONNAME = bob;
				TargetAttributes = {
					E42748101AE6B8620071E378 = {
						CreatedOnToolsVersion = 6.2;
					};
					E427481B1AE6B8620071E378 = {
						CreatedOnToolsVersion = 6.2;
					};
				};
			};
			buildConfigurationList = E427480B1AE6B8620071E378 /* Build configuration list for PBXProject "SharedFramework" */;
			compatibilityVersion = "Xcode 3.2";
			developmentRegion = English;
			hasScannedForEncodings = 0;
			knownRegions = (
				en,
			);
			mainGroup = E42748071AE6B8620071E378;
			productRefGroup = E42748121AE6B8620071E378 /* Products */;
			projectDirPath = "";
			projectRoot = "";
			targets = (
				E42748101AE6B8620071E378 /* SharedFramework */,
				E427481B1AE6B8620071E378 /* SharedFrameworkTests */,
			);
		};
/* End PBXProject section */

/* Begin PBXResourcesBuildPhase section */
		E427480F1AE6B8620071E378 /* Resources */ = {
			isa = PBXResourcesBuildPhase;
			buildActionMask = 2147483647;
			files = (
			);
			runOnlyForDeploymentPostprocessing = 0;
		};
		E427481A1AE6B8620071E378 /* Resources */ = {
			isa = PBXResourcesBuildPhase;
			buildActionMask = 2147483647;
			files = (
			);
			runOnlyForDeploymentPostprocessing = 0;
		};
/* End PBXResourcesBuildPhase section */

/* Begin PBXSourcesBuildPhase section */
		E427480C1AE6B8620071E378 /* Sources */ = {
			isa = PBXSourcesBuildPhase;
			buildActionMask = 2147483647;
			files = (
			);
			runOnlyForDeploymentPostprocessing = 0;
		};
		E42748181AE6B8620071E378 /* Sources */ = {
			isa = PBXSourcesBuildPhase;
			buildActionMask = 2147483647;
			files = (
				E42748241AE6B8620071E378 /* SharedFrameworkTests.swift in Sources */,
			);
			runOnlyForDeploymentPostprocessing = 0;
		};
/* End PBXSourcesBuildPhase section */

/* Begin PBXTargetDependency section */
		E427481F1AE6B8620071E378 /* PBXTargetDependency */ = {
			isa = PBXTargetDependency;
			target = E42748101AE6B8620071E378 /* SharedFramework */;
			targetProxy = E427481E1AE6B8620071E378 /* PBXContainerItemProxy */;
		};
/* End PBXTargetDependency section */

/* Begin XCBuildConfiguration section */
		E42748251AE6B8620071E378 /* Debug */ = {
			isa = XCBuildConfiguration;
			buildSettings = {
				ALWAYS_SEARCH_USER_PATHS = NO;
				CLANG_CXX_LANGUAGE_STANDARD = "gnu++0x";
				CLANG_CXX_LIBRARY = "libc++";
				CLANG_ENABLE_MODULES = YES;
				CLANG_ENABLE_OBJC_ARC = YES;
				CLANG_WARN_BOOL_CONVERSION = YES;
				CLANG_WARN_CONSTANT_CONVERSION = YES;
				CLANG_WARN_DIRECT_OBJC_ISA_USAGE = YES_ERROR;
				CLANG_WARN_EMPTY_BODY = YES;
				CLANG_WARN_ENUM_CONVERSION = YES;
				CLANG_WARN_INT_CONVERSION = YES;
				CLANG_WARN_OBJC_ROOT_CLASS = YES_ERROR;
				CLANG_WARN_UNREACHABLE_CODE = YES;
				CLANG_WARN__DUPLICATE_METHOD_MATCH = YES;
				"CODE_SIGN_IDENTITY[sdk=iphoneos*]" = "iPhone Developer";
				COPY_PHASE_STRIP = NO;
				CURRENT_PROJECT_VERSION = 1;
				ENABLE_STRICT_OBJC_MSGSEND = YES;
				GCC_C_LANGUAGE_STANDARD = gnu99;
				GCC_DYNAMIC_NO_PIC = NO;
				GCC_OPTIMIZATION_LEVEL = 0;
				GCC_PREPROCESSOR_DEFINITIONS = (
					"DEBUG=1",
					"$(inherited)",
				);
				GCC_SYMBOLS_PRIVATE_EXTERN = NO;
				GCC_WARN_64_TO_32_BIT_CONVERSION = YES;
				GCC_WARN_ABOUT_RETURN_TYPE = YES_ERROR;
				GCC_WARN_UNDECLARED_SELECTOR = YES;
				GCC_WARN_UNINITIALIZED_AUTOS = YES_AGGRESSIVE;
				GCC_WARN_UNUSED_FUNCTION = YES;
				GCC_WARN_UNUSED_VARIABLE = YES;
				IPHONEOS_DEPLOYMENT_TARGET = 8.2;
				MTL_ENABLE_DEBUG_INFO = YES;
				ONLY_ACTIVE_ARCH = YES;
				SDKROOT = iphoneos;
				SWIFT_OPTIMIZATION_LEVEL = "-Onone";
				TARGETED_DEVICE_FAMILY = "1,2";
				VERSIONING_SYSTEM = "apple-generic";
				VERSION_INFO_PREFIX = "";
			};
			name = Debug;
		};
		E42748261AE6B8620071E378 /* Release */ = {
			isa = XCBuildConfiguration;
			buildSettings = {
				ALWAYS_SEARCH_USER_PATHS = NO;
				CLANG_CXX_LANGUAGE_STANDARD = "gnu++0x";
				CLANG_CXX_LIBRARY = "libc++";
				CLANG_ENABLE_MODULES = YES;
				CLANG_ENABLE_OBJC_ARC = YES;
				CLANG_WARN_BOOL_CONVERSION = YES;
				CLANG_WARN_CONSTANT_CONVERSION = YES;
				CLANG_WARN_DIRECT_OBJC_ISA_USAGE = YES_ERROR;
				CLANG_WARN_EMPTY_BODY = YES;
				CLANG_WARN_ENUM_CONVERSION = YES;
				CLANG_WARN_INT_CONVERSION = YES;
				CLANG_WARN_OBJC_ROOT_CLASS = YES_ERROR;
				CLANG_WARN_UNREACHABLE_CODE = YES;
				CLANG_WARN__DUPLICATE_METHOD_MATCH = YES;
				"CODE_SIGN_IDENTITY[sdk=iphoneos*]" = "iPhone Developer";
				COPY_PHASE_STRIP = NO;
				CURRENT_PROJECT_VERSION = 1;
				ENABLE_NS_ASSERTIONS = NO;
				ENABLE_STRICT_OBJC_MSGSEND = YES;
				GCC_C_LANGUAGE_STANDARD = gnu99;
				GCC_WARN_64_TO_32_BIT_CONVERSION = YES;
				GCC_WARN_ABOUT_RETURN_TYPE = YES_ERROR;
				GCC_WARN_UNDECLARED_SELECTOR = YES;
				GCC_WARN_UNINITIALIZED_AUTOS = YES_AGGRESSIVE;
				GCC_WARN_UNUSED_FUNCTION = YES;
				GCC_WARN_UNUSED_VARIABLE = YES;
				IPHONEOS_DEPLOYMENT_TARGET = 8.2;
				MTL_ENABLE_DEBUG_INFO = NO;
				SDKROOT = iphoneos;
				TARGETED_DEVICE_FAMILY = "1,2";
				VALIDATE_PRODUCT = YES;
				VERSIONING_SYSTEM = "apple-generic";
				VERSION_INFO_PREFIX = "";
			};
			name = Release;
		};
		E42748281AE6B8620071E378 /* Debug */ = {
			isa = XCBuildConfiguration;
			buildSettings = {
				DEFINES_MODULE = YES;
				DYLIB_COMPATIBILITY_VERSION = 1;
				DYLIB_CURRENT_VERSION = 1;
				DYLIB_INSTALL_NAME_BASE = "@rpath";
				INFOPLIST_FILE = SharedFramework/Info.plist;
				INSTALL_PATH = "$(LOCAL_LIBRARY_DIR)/Frameworks";
				LD_RUNPATH_SEARCH_PATHS = "$(inherited) @executable_path/Frameworks @loader_path/Frameworks";
				PRODUCT_NAME = "$(TARGET_NAME)";
				SKIP_INSTALL = YES;
			};
			name = Debug;
		};
		E42748291AE6B8620071E378 /* Release */ = {
			isa = XCBuildConfiguration;
			buildSettings = {
				DEFINES_MODULE = YES;
				DYLIB_COMPATIBILITY_VERSION = 1;
				DYLIB_CURRENT_VERSION = 1;
				DYLIB_INSTALL_NAME_BASE = "@rpath";
				INFOPLIST_FILE = SharedFramework/Info.plist;
				INSTALL_PATH = "$(LOCAL_LIBRARY_DIR)/Frameworks";
				LD_RUNPATH_SEARCH_PATHS = "$(inherited) @executable_path/Frameworks @loader_path/Frameworks";
				PRODUCT_NAME = "$(TARGET_NAME)";
				SKIP_INSTALL = YES;
			};
			name = Release;
		};
		E427482B1AE6B8620071E378 /* Debug */ = {
			isa = XCBuildConfiguration;
			buildSettings = {
				FRAMEWORK_SEARCH_PATHS = (
					"$(SDKROOT)/Developer/Library/Frameworks",
					"$(inherited)",
				);
				GCC_PREPROCESSOR_DEFINITIONS = (
					"DEBUG=1",
					"$(inherited)",
				);
				INFOPLIST_FILE = SharedFrameworkTests/Info.plist;
				LD_RUNPATH_SEARCH_PATHS = "$(inherited) @executable_path/Frameworks @loader_path/Frameworks";
				PRODUCT_NAME = "$(TARGET_NAME)";
			};
			name = Debug;
		};
		E427482C1AE6B8620071E378 /* Release */ = {
			isa = XCBuildConfiguration;
			buildSettings = {
				FRAMEWORK_SEARCH_PATHS = (
					"$(SDKROOT)/Developer/Library/Frameworks",
					"$(inherited)",
				);
				INFOPLIST_FILE = SharedFrameworkTests/Info.plist;
				LD_RUNPATH_SEARCH_PATHS = "$(inherited) @executable_path/Frameworks @loader_path/Frameworks";
				PRODUCT_NAME = "$(TARGET_NAME)";
			};
			name = Release;
		};
/* End XCBuildConfiguration section */

/* Begin XCConfigurationList section */
		E427480B1AE6B8620071E378 /* Build configuration list for PBXProject "SharedFramework" */ = {
			isa = XCConfigurationList;
			buildConfigurations = (
				E42748251AE6B8620071E378 /* Debug */,
				E42748261AE6B8620071E378 /* Release */,
			);
			defaultConfigurationIsVisible = 0;
			defaultConfigurationName = Release;
		};
		E42748271AE6B8620071E378 /* Build configuration list for PBXNativeTarget "SharedFramework" */ = {
			isa = XCConfigurationList;
			buildConfigurations = (
				E42748281AE6B8620071E378 /* Debug */,
				E42748291AE6B8620071E378 /* Release */,
			);
			defaultConfigurationIsVisible = 0;
		};
		E427482A1AE6B8620071E378 /* Build configuration list for PBXNativeTarget "SharedFrameworkTests" */ = {
			isa = XCConfigurationList;
			buildConfigurations = (
				E427482B1AE6B8620071E378 /* Debug */,
				E427482C1AE6B8620071E378 /* Release */,
			);
			defaultConfigurationIsVisible = 0;
		};
/* End XCConfigurationList section */
	};
	rootObject = E42748081AE6B8620071E378 /* Project object */;
}
